# Generated by envs/make_locks.sh from busco.yaml. Do not edit.
# This file may be used to create an environment using:
# $ conda create --name <env> --file <this file>
# platform: linux-64
# created-by: conda 26.1.1
@EXPLICIT
https://conda.anaconda.org/conda-forge/noarch/_x86_64-microarch-level-3-3_zen3.conda#ae3583cb4113728536c99c6d037c637e
https://conda.anaconda.org/conda-forge/noarch/ca-certificates-2026.7.22-hbd8a1cb_0.conda#0f51e2391ade309db462a55611263e9c
https://conda.anaconda.org/conda-forge/noarch/font-ttf-dejavu-sans-mono-2.37-hab24e00_0.tar.bz2#0c96522c6bdaed4b1566d11387caaf45
https://conda.anaconda.org/conda-forge/noarch/font-ttf-inconsolata-3.000-h77eed37_0.tar.bz2#34893075a5c9e55cdafac56607368fc6
https://conda.anaconda.org/conda-forge/noarch/font-ttf-source-code-pro-2.038-h77eed37_0.tar.bz2#4d59c254e01d9cde7957100457e2d5fb
https://conda.anaconda.org/conda-forge/noarch/font-ttf-ubuntu-0.83-h77eed37_3.conda#49023d73832ef61042f6a237cb2687e7
https://conda.anaconda.org/conda-forge/linux-64/libgomp-16.2.0-he0feb66_7.conda#d904c7ddd95e026254b4b80808ee9e12
https://conda.anaconda.org/conda-forge/linux-64/libzlib-1.3.2-h25fd6f3_3.conda#0de0122d9570a8ab637c6b73db268389
https://conda.anaconda.org/conda-forge/linux-64/mpi-1.0-openmpi.tar.bz2#1dcc49e16749ff79ba2194fa5d4ca5e7
https://conda.anaconda.org/conda-forge/noarch/python_abi-3.12-9_cp312.conda#4c32076993e6270825441d059ab5c18b
https://conda.anaconda.org/conda-forge/noarch/tzdata-2026c-h151e31d_0.conda#fcb489df604d100968b737f2cb6076c6
https://conda.anaconda.org/conda-forge/linux-64/_openmp_mutex-4.5-20_gnu.conda#a9f577daf3de00bca7c3c76c0ecbd1de
https://conda.anaconda.org/conda-forge/noarch/fonts-conda-forge-1-hc364b38_1.conda#a7970cd949a077b7cb9696379d338681
https://conda.anaconda.org/conda-forge/linux-64/zlib-1.3.2-h25fd6f3_3.conda#6acb86426229f96f93e5468d1df3a5e8
https://conda.anaconda.org/conda-forge/linux-64/zstd-1.5.7-hb78ec9c_7.conda#aa459086047c0e5e27023ab19f8cb86a
https://conda.anaconda.org/conda-forge/noarch/fonts-conda-ecosystem-1-0.tar.bz2#fee5683a3f04bd15cbd8318b096a27ab
https://conda.anaconda.org/conda-forge/linux-64/ld_impl_linux-64-2.46.1-default_hbd61a6d_102.conda#449500f2c089da11c40f5c21312e3e07
https://conda.anaconda.org/conda-forge/linux-64/libgcc-16.2.0-ha9f2e26_7.conda#735629b400b70eeab21a2ba8f5b1c2ce
https://conda.anaconda.org/conda-forge/linux-64/openjdk-11.0.1-h516909a_1016.tar.bz2#50acf7990fc758376306f84b141e34c9
https://conda.anaconda.org/conda-forge/linux-64/bzip2-1.0.8-hda65f42_10.conda#e675fabcf81499adc7edf58124fb1e01
https://conda.anaconda.org/conda-forge/linux-64/c-ares-1.34.8-hebe6cf0_2.conda#3ad2b403be8fc5612b9159e2ce621f69
https://conda.anaconda.org/bioconda/linux-64/fasttree-2.2.0-h7b50bb2_1.conda#2d5c9b69e3dd027849eb8e29ca2bebae
https://conda.anaconda.org/conda-forge/linux-64/keyutils-1.6.3-h7cc23a3_1.conda#ba55d1b89fd7775e67de8291029b4059
https://conda.anaconda.org/conda-forge/linux-64/libbrotlicommon-1.2.0-h39a168f_4.conda#df210655e30a05e3b069c91b7aaddd2d
https://conda.anaconda.org/conda-forge/linux-64/libdeflate-1.25-hd45a770_1.conda#40f9b31aa9cf007789867df0decd0492
https://conda.anaconda.org/conda-forge/linux-64/libev-4.33-h280c20c_3.conda#7bc31538d6e3fb349e897353969237ec
https://conda.anaconda.org/conda-forge/linux-64/libexpat-2.8.5-hd2095e1_0.conda#72cfd2b95b0540247220b42f58a148d7
https://conda.anaconda.org/conda-forge/linux-64/libffi-3.7.0-h81df57d_1.conda#6525a0b06aa4fd390795f0740636a9dd
https://conda.anaconda.org/conda-forge/linux-64/libgcc-ng-16.2.0-h69a702a_7.conda#2005515ac9340f816fb2ac7e83afe553
https://conda.anaconda.org/conda-forge/linux-64/libgfortran5-16.2.0-h6b99dfc_7.conda#7719ed7be38ad8c492c4bd5cc2bce0c4
https://conda.anaconda.org/conda-forge/linux-64/libiconv-1.18-h0cb94f2_3.conda#f92233bf33e24a25668bb2119e2c51f9
https://conda.anaconda.org/conda-forge/linux-64/libjpeg-turbo-3.2.0-hb03c661_1.conda#898d1c9793eaa52efc4727bd84d2e39a
https://conda.anaconda.org/conda-forge/linux-64/liblzma-5.8.3-hb03c661_1.conda#1390b7c5ac0b1d8e447bc5efa6d3c8c2
https://conda.anaconda.org/conda-forge/linux-64/libnsl-2.0.1-hb9d3cd8_1.conda#d864d34357c3b65a4b731f78c0801dc4
https://conda.anaconda.org/conda-forge/linux-64/libpng-1.6.59-h922cc85_0.conda#8c9caf742a485ac688ffa88bbadbf0be
https://conda.anaconda.org/conda-forge/linux-64/libsqlite-3.53.4-h0737f62_1.conda#17b328272d5caa0994678529be5b86ab
https://conda.anaconda.org/conda-forge/linux-64/libstdcxx-16.2.0-h934c35e_7.conda#9b6707e0caca917fa6ea9ee473f37a5d
https://conda.anaconda.org/conda-forge/linux-64/libuuid-2.42.4-hcfc3c73_0.conda#54a948337e66706380ff24d6b5fde63f
https://conda.anaconda.org/conda-forge/linux-64/libwebp-base-1.6.0-hd42ef1d_1.conda#9332b53d0ea93c5d39e33be03a0c611a
https://conda.anaconda.org/conda-forge/linux-64/libxcrypt-4.4.38-h280c20c_0.conda#f7a7ff5a6ab331e037abd34f379a631d
https://conda.anaconda.org/bioconda/linux-64/miniprot-0.18-h577a1d6_0.tar.bz2#e60a264d0b4ba975ac1fb1c8e66753a3
https://conda.anaconda.org/conda-forge/linux-64/ncurses-6.6-hdb14827_1.conda#ee6c0cd80a60961a1f48aa3e0b91f986
https://conda.anaconda.org/conda-forge/linux-64/openssl-3.6.4-h781a0a9_0.conda#16e3034a330cc625f2c685edec60cf4e
https://conda.anaconda.org/bioconda/linux-64/prodigal-2.6.3-h577a1d6_11.tar.bz2#7b083f573760cbd88a206e05f73f5e9d
https://conda.anaconda.org/conda-forge/linux-64/pthread-stubs-0.4-h7cc23a3_1004.conda#bb66b610707b811e3c65181a6431e7a8
https://conda.anaconda.org/bioconda/linux-64/raxml-8.2.13-h7b50bb2_3.tar.bz2#48880314905ab03663a8fb4d97c835ff
https://conda.anaconda.org/conda-forge/linux-64/tk-8.6.13-noxft_h1df4ec4_4.conda#676a2f9b1c4fcf57b70aa5c65f6c60d0
https://conda.anaconda.org/conda-forge/linux-64/xorg-libxau-1.0.12-h7cc23a3_2.conda#da33efee1a93603d92e06d4a2b68def6
https://conda.anaconda.org/conda-forge/linux-64/xorg-libxdmcp-1.1.5-h7cc23a3_2.conda#eabfc45786244de252090cf8d55128a8
https://conda.anaconda.org/bioconda/linux-64/cdbtools-0.99-h077b44d_12.tar.bz2#6b938da47db28f06ca9258f92d80e7cb
https://conda.anaconda.org/bioconda/linux-64/clustalw-2.1-hc52dbad_13.conda#ee68def863492e76d2264af503a448c9
https://conda.anaconda.org/bioconda/linux-64/diamond-2.2.8-he361c42_0.conda#312008ad0c1e6e05c4e8b9cc6dbd1765
https://conda.anaconda.org/conda-forge/linux-64/gmp-6.3.0-hfd2156b_3.conda#576e32739f323438bf69ab006c21be7b
https://conda.anaconda.org/bioconda/linux-64/hmmer-3.4-h503566f_3.tar.bz2#0536103ba1af5d75454868affd7575c1
https://conda.anaconda.org/conda-forge/linux-64/jsoncpp-1.9.6-hf42df4d_1.conda#7bdc5e2cc11cb0a0f795bdad9732b0f2
https://conda.anaconda.org/conda-forge/linux-64/lerc-4.2.0-hdb68285_0.conda#fb9d356b1a57d6d54768be7ebd5fce09
https://conda.anaconda.org/conda-forge/linux-64/libasprintf-0.25.1-h0e23cf9_2.conda#708966b4a89392fe7b7d348f41501ffc
https://conda.anaconda.org/conda-forge/linux-64/libbrotlidec-1.2.0-ha411449_4.conda#0cfd601eb03cca403dcc248844787486
https://conda.anaconda.org/conda-forge/linux-64/libbrotlienc-1.2.0-h018ffa1_4.conda#4136f6e4ef4835cc7df39a707cbd511c
https://conda.anaconda.org/conda-forge/linux-64/libedit-3.1.20250104-pl5321h373387f_1.conda#50708d3b951d0f8e2d7f2df5b5edc040
https://conda.anaconda.org/conda-forge/linux-64/libfreetype6-2.14.3-h5e6c136_2.conda#b72a266a9317036fd0464cb98b027cd0
https://conda.anaconda.org/conda-forge/linux-64/libgettextpo-0.25.1-h0e23cf9_2.conda#de2346aa9d78288e6924b01a2db091c1
https://conda.anaconda.org/conda-forge/linux-64/libgfortran-16.2.0-h69a702a_7.conda#3a8d285f5f22138ef826ad54cf267e73
https://conda.anaconda.org/conda-forge/linux-64/liblzma-devel-5.8.3-hb03c661_1.conda#6d83d6a332c19424e9e66b69b180ec11
https://conda.anaconda.org/conda-forge/linux-64/libnghttp2-1.68.1-h74cf4be_1.conda#75d211f04ac87506f1f43420712a69fe
https://conda.anaconda.org/conda-forge/linux-64/libopenssl-static-3.6.4-h7cc23a3_0.conda#76030dff3efd7612926e51ee06a3060b
https://conda.anaconda.org/conda-forge/linux-64/libpython-3.12.14-h0c77377_3_cpython.conda#d247b7632f09324c11f24b5270361385
https://conda.anaconda.org/conda-forge/linux-64/libssh2-1.11.1-h6154650_1.conda#5c526561e1d2a2e071941174eae84557
https://conda.anaconda.org/conda-forge/linux-64/libstdcxx-ng-16.2.0-hdf11a46_7.conda#25a23bde5e26d548374f3e02b4669670
https://conda.anaconda.org/conda-forge/linux-64/libunistring-0.9.10-h7f98852_0.tar.bz2#7245a044b4a1980ed83196176b78b73a
https://conda.anaconda.org/conda-forge/linux-64/libxcb-1.17.0-hb83e432_2.conda#61f0ffba9161cbb3a77722869b21e4bb
https://conda.anaconda.org/conda-forge/linux-64/lp_solve-5.5.2.11-hd590300_0.conda#c9ca19b1a4b4f1038b23fb8b5918929c
https://conda.anaconda.org/conda-forge/linux-64/metis-5.1.0-h86e3903_1008.conda#bd71f3eb5f383d32032e344784d928f6
https://conda.anaconda.org/bioconda/linux-64/muscle-3.8.1551-h9948957_9.tar.bz2#abeab9c9f2802eae4f867260650837f6
https://conda.anaconda.org/bioconda/linux-64/ncbi-vdb-3.4.1-hd63eeec_0.conda#70de9f284c305131b458cf69676f1b2f
https://conda.anaconda.org/conda-forge/linux-64/pcre2-10.47-h8b3dc9c_1.conda#06f6113cf1ff4a54b65f87ead132a5f1
https://conda.anaconda.org/conda-forge/linux-64/perl-5.32.1-10_h7cc23a3_perl5.conda#dfa988f7a513f0f441ba36d128b5d327
https://conda.anaconda.org/bioconda/linux-64/prank-251117-hd63eeec_0.conda#62e656e8faac6f46598cfdda62215869
https://conda.anaconda.org/conda-forge/linux-64/readline-8.3-hd6e31c0_1.conda#69c01c781e7c8190bbdaf79e3848c5ca
https://conda.anaconda.org/conda-forge/linux-64/tar-1.35-h3b78370_0.conda#8e037804a92c84cb901bdd83a8e5ff46
https://conda.anaconda.org/conda-forge/linux-64/xz-gpl-tools-5.8.3-ha02ee65_1.conda#137db930adb0b3c5407485e0e1a50cfa
https://conda.anaconda.org/conda-forge/linux-64/xz-tools-5.8.3-hb03c661_1.conda#10d693a2db6e8339e4eebcb3a3dae88d
https://conda.anaconda.org/conda-forge/linux-64/zlib-ng-2.3.3-hce19668_1.conda#1726acec19beeed1c764385cd8622405
https://conda.anaconda.org/bioconda/linux-64/bamtools-2.5.3-he132191_0.tar.bz2#e3302f3cd140ded877f39abe612bed08
https://conda.anaconda.org/conda-forge/linux-64/brotli-bin-1.2.0-h9908984_4.conda#c48c09444f3736800ea0b9550c365baf
https://conda.anaconda.org/conda-forge/linux-64/icu-68.2-h9c3ff4c_0.tar.bz2#6618c9b191638993f2a818c6529e1b49
https://conda.anaconda.org/conda-forge/linux-64/krb5-1.22.2-hbc21106_2.conda#53318d715316929a574f83591308b1f8
https://conda.anaconda.org/conda-forge/linux-64/libfreetype-2.14.3-ha770c72_2.conda#f8054e759d0ddddaf34a5c8fedc900a1
https://conda.anaconda.org/conda-forge/linux-64/libgfortran-ng-16.2.0-h69a702a_7.conda#a31f744c0c83d31dacf9c01b2e3c12a2
https://conda.anaconda.org/conda-forge/linux-64/libidn2-2.3.8-hfac485b_1.conda#842a81de672ddcf476337c8bde3cad33
https://conda.anaconda.org/conda-forge/linux-64/libopenblas-0.3.34-pthreads_hf13c14d_2.conda#7e19fcd73d7f0997d3cb3326d2586a86
https://conda.anaconda.org/conda-forge/linux-64/libsuitesparseconfig-7.10.1-h92d6892_7100102.conda#d45d56b05772af9a24c0af1c3c3cc450
https://conda.anaconda.org/conda-forge/linux-64/libtiff-4.7.2-hcc2c06a_1.conda#0907d876f460ebc941ae590338b6102f
https://conda.anaconda.org/conda-forge/linux-64/mpfr-4.2.2-ha2cb11d_1.conda#7dcc10f6c0bc3596d5519a710a84dfd4
https://conda.anaconda.org/conda-forge/linux-64/mysql-connector-c-6.1.11-h659d440_1008.conda#149e0b89cbbe09397f1147cb3736bcbe
https://conda.anaconda.org/conda-forge/linux-64/pcre-8.45-h9c3ff4c_0.tar.bz2#c05d1820a6d34ff07aaaab7a9b7eddaa
https://conda.anaconda.org/conda-forge/noarch/perl-app-cpanminus-1.7048-pl5321hd8ed1ab_0.conda#adb8fae79589a7bb03aa9ad976e3bd92
https://conda.anaconda.org/conda-forge/noarch/perl-common-sense-3.75-pl5321hd8ed1ab_0.tar.bz2#ef70dc77e8b10bbb62f5e843b401ef0e
https://conda.anaconda.org/conda-forge/linux-64/perl-compress-raw-bzip2-2.214-pl5321hda65f42_0.conda#1ec33b9f74a71c17cc5579e35027832a
https://conda.anaconda.org/conda-forge/linux-64/perl-compress-raw-zlib-2.214-pl5321h4dac143_0.conda#943e7033e6f709adf0d89a3af51ab81b
https://conda.anaconda.org/conda-forge/noarch/perl-constant-1.33-pl5321hd8ed1ab_0.tar.bz2#7f9fc9cfa08a3fe36ffcff820c65c3ac
https://conda.anaconda.org/conda-forge/linux-64/perl-dbi-1.651-pl5321hb03c661_0.conda#f8255e8683b5f4f0de3d223bff7c8ef6
https://conda.anaconda.org/conda-forge/noarch/perl-exporter-5.74-pl5321hd8ed1ab_0.tar.bz2#fd2eac4e35f8c970870a3961c1df3e29
https://conda.anaconda.org/conda-forge/noarch/perl-exporter-tiny-1.002002-pl5321hd8ed1ab_0.tar.bz2#48d709826875be1f2c108d3d1d8efec7
https://conda.anaconda.org/conda-forge/noarch/perl-extutils-makemaker-7.70-pl5321hd8ed1ab_0.conda#ec3e57ed34f7765bfc7054a05868ce5d
https://conda.anaconda.org/conda-forge/noarch/perl-file-which-1.24-pl5321hd8ed1ab_0.tar.bz2#94e5b2c9d56ef7c4c70ddf51ac38ae3d
https://conda.anaconda.org/conda-forge/linux-64/perl-inc-latest-0.500-pl5321ha770c72_0.conda#0879971f134628d37bc4b13581113134
https://conda.anaconda.org/bioconda/noarch/perl-io-zlib-1.15-pl5321hdfd78af_1.tar.bz2#db92645dabe9467115729e4479841b5d
https://conda.anaconda.org/bioconda/linux-64/perl-list-moreutils-xs-0.430-pl5321h7b50bb2_5.tar.bz2#9192770eb08524038c3fcf24e915b10c
https://conda.anaconda.org/conda-forge/noarch/perl-parent-0.243-pl5321hd8ed1ab_0.conda#314caa3b72d65f8078d426c6721dcacc
https://conda.anaconda.org/conda-forge/linux-64/perl-role-tiny-2.002004-pl5321ha770c72_0.tar.bz2#83b5b630aeddca09e26fded9af4f3ce5
https://conda.anaconda.org/conda-forge/linux-64/perl-scalar-list-utils-1.70-pl5321hb03c661_0.conda#046486011bf7674e3c2f2a1513ac4f3d
https://conda.anaconda.org/conda-forge/linux-64/perl-storable-3.15-pl5321hb9d3cd8_2.conda#212f63a5c7c753ecf0a74c349b9270c5
https://conda.anaconda.org/conda-forge/linux-64/perl-try-tiny-0.31-pl5321ha770c72_0.tar.bz2#cc23b14ed56bf51d84832d98ebd156af
https://conda.anaconda.org/bioconda/noarch/perl-yaml-1.30-pl5321hdfd78af_0.tar.bz2#da9ef80f4c4c2374d7f4ec7af6d96b6a
https://conda.anaconda.org/conda-forge/linux-64/python-3.12.14-h5f976f7_3_cpython.conda#98be3cf76eca2e8871f907a03aed3b84
https://conda.anaconda.org/conda-forge/linux-64/qhull-2020.2-h434a139_5.conda#353823361b1d27eb3960efb076dfcaf6
https://conda.anaconda.org/conda-forge/linux-64/sqlite-3.53.4-h6e79ffa_1.conda#237875bda674b2da7ca68765ffb22645
https://conda.anaconda.org/conda-forge/linux-64/xz-5.8.3-ha02ee65_1.conda#36a079606b3aaf9d726211825f182452
https://conda.anaconda.org/conda-forge/linux-64/backports.zstd-1.7.0-py312h3f22e6b_1.conda#b0e9b44b494bb001c4d35b206022eba2
https://conda.anaconda.org/conda-forge/linux-64/boost-cpp-1.77.0-h312852a_0.tar.bz2#17678994a74ab1d39726622d01f13525
https://conda.anaconda.org/conda-forge/linux-64/brotli-1.2.0-h505cf86_4.conda#746aa619a1bcaf4da541101179d7c60e
https://conda.anaconda.org/conda-forge/linux-64/brotli-python-1.2.0-py312he9c40d5_4.conda#edb667e7ce56106424e8afab2dc0f0cb
https://conda.anaconda.org/conda-forge/noarch/certifi-2026.7.22-pyhd8ed1ab_0.conda#37e13edbe3b48f1095a9d085ef9cd83b
https://conda.anaconda.org/conda-forge/noarch/cpython-3.12.14-py312hd8ed1ab_3.conda#adee9213d9a98d7f8b5627209c8b4ae0
https://conda.anaconda.org/conda-forge/noarch/cycler-0.12.1-pyhcf101f3_2.conda#4c2a8fef270f6c69591889b93f9f55c1
https://conda.anaconda.org/bioconda/noarch/dendropy-5.1.0-pyhdfd78af_0.conda#a6fe5096e7d56675f2bfdd7d9720c76d
https://conda.anaconda.org/conda-forge/linux-64/freetype-2.14.3-ha770c72_2.conda#2d0ea23b23603e07ca47f23f949f67b6
https://conda.anaconda.org/conda-forge/linux-64/gawk-5.4.1-h0a3468a_0.conda#64fd8d804a6aaef55d6d6c562446d72b
https://conda.anaconda.org/conda-forge/noarch/hpack-4.2.0-pyhd8ed1ab_0.conda#b395909221b9bd1df066e5930e18855b
https://conda.anaconda.org/conda-forge/noarch/hyperframe-6.1.0-pyhd8ed1ab_0.conda#8e6923fc12f1fe8f8c4e5c9f343256ac
https://conda.anaconda.org/conda-forge/noarch/idna-3.20-pyh5ded981_0.conda#ee73be987f9de9ea5c2fdaeefa7b6491
https://conda.anaconda.org/conda-forge/linux-64/kiwisolver-1.5.1-py312h9be0db6_3.conda#52258f682691a6838dd40316265d9cee
https://conda.anaconda.org/conda-forge/linux-64/lcms2-2.19.1-h9073bf1_3.conda#596464faa06e0b656b35416188ef9bba
https://conda.anaconda.org/conda-forge/linux-64/libamd-3.3.3-haaf9dc3_7100102.conda#dd2ac21455e520614180dba84a5c4b40
https://conda.anaconda.org/conda-forge/linux-64/libblas-3.11.0-11_h4a7cf45_openblas.conda#b8cce1486f3c62f33291d6318c193d0d
https://conda.anaconda.org/conda-forge/linux-64/libbtf-2.3.2-h32481e8_7100102.conda#66919af2c087d6dafc0ac60dc8186a93
https://conda.anaconda.org/conda-forge/linux-64/libcamd-3.3.3-h32481e8_7100102.conda#9892f675f977db9ca5c3a4202dde2ac8
https://conda.anaconda.org/conda-forge/linux-64/libccolamd-3.3.4-h32481e8_7100102.conda#5885d6070cfc7a06cb8fbf3529bfdcfc
https://conda.anaconda.org/conda-forge/linux-64/libcolamd-3.3.4-h32481e8_7100102.conda#741d2faafde47a015bb961afcc5032f4
https://conda.anaconda.org/conda-forge/linux-64/libcurl-8.21.0-hcf29cc6_1.conda#2c1e55d695b11525c760b486ac0be517
https://conda.anaconda.org/conda-forge/linux-64/libcxsparse-4.4.1-h32481e8_7100102.conda#593cc2ed69765de8ad1cb402322e8a44
https://conda.anaconda.org/conda-forge/linux-64/libldl-3.3.2-h32481e8_7100102.conda#8eb046b3472ddfed4c74551c9729f2d6
https://conda.anaconda.org/conda-forge/linux-64/librbio-4.3.4-h32481e8_7100102.conda#b573e34f42635a8d6ec932d32cec07b5
https://conda.anaconda.org/conda-forge/noarch/munkres-1.1.4-pyhd8ed1ab_1.conda#37293a85a0f4f77bbd9cf7aaefc62609
https://conda.anaconda.org/conda-forge/linux-64/openjpeg-2.5.4-heb1ab33_2.conda#a3f3ac7a68d01c198e276dbb99e62032
https://conda.anaconda.org/conda-forge/linux-64/openmpi-4.1.6-hc5af2df_101.conda#f9a2ad0088ee38f396350515fa37d243
https://conda.anaconda.org/conda-forge/noarch/packaging-26.3-pyhc364b38_0.conda#936687ed80f295a1f5dbcf8bd34c252c
https://conda.anaconda.org/conda-forge/noarch/perl-carp-1.50-pl5321hd8ed1ab_0.tar.bz2#bdddc03e28019b902da71b722f2288d7
https://conda.anaconda.org/conda-forge/linux-64/perl-encode-3.24-pl5321hb03c661_0.conda#35776d4c5766e9d98754d1e7530c2961
https://conda.anaconda.org/conda-forge/noarch/perl-file-path-2.18-pl5321hd8ed1ab_0.tar.bz2#e13e456f61b8261ba074c0aa93086afe
https://conda.anaconda.org/bioconda/noarch/perl-list-moreutils-0.430-pl5321hdfd78af_0.tar.bz2#7f04c79d216d0f8e7b6d5a51de4aafa0
https://conda.anaconda.org/conda-forge/linux-64/perl-module-build-0.4234-pl5321ha770c72_1.conda#358d42e9f08dd917b649089526e2ae1f
https://conda.anaconda.org/conda-forge/linux-64/perl-test-fatal-0.016-pl5321ha770c72_0.tar.bz2#5c397b1fd3095004f4ff149af1c0dd3c
https://conda.anaconda.org/bioconda/noarch/perl-types-serialiser-1.01-pl5321hdfd78af_0.tar.bz2#cfc65753e827bbef80c00eaa395f6ae7
https://conda.anaconda.org/conda-forge/noarch/pyparsing-3.3.3-pyh5ded981_0.conda#8bf43ae1312e9b966063459e04c20fa7
https://conda.anaconda.org/conda-forge/noarch/pysocks-1.7.1-pyha55dd90_7.conda#461219d1a5bd61342293efa2c0c90eac
https://conda.anaconda.org/conda-forge/noarch/setuptools-84.0.0-pyh332efcf_0.conda#62ac906f1cd582c6c264c95625cb9d6f
https://conda.anaconda.org/conda-forge/noarch/six-1.17.0-pyhe01879c_1.conda#3339e3b65d58accf4ca4fb8748ab16b3
https://conda.anaconda.org/conda-forge/noarch/sniffio-1.3.1-pyhd8ed1ab_2.conda#03fe290994c5e4ec17293cfb6bdce520
https://conda.anaconda.org/bioconda/linux-64/ucsc-fatotwobit-482-hdc0a859_0.tar.bz2#bfac086f1764d2aedfb35540a9009cdf
https://conda.anaconda.org/bioconda/linux-64/ucsc-twobitinfo-482-hdc0a859_0.tar.bz2#91466585cc720548e4e4c105686fecb8
https://conda.anaconda.org/conda-forge/linux-64/unicodedata2-18.0.0-py312h5cc1888_0.conda#070e15c0fbb80b2f2fe405419b763f68
https://conda.anaconda.org/conda-forge/linux-64/wget-1.25.0-h653f8fd_1.conda#3b97a15e7345c7f6c51bb57bffad7c93
https://conda.anaconda.org/conda-forge/linux-64/curl-8.21.0-hcf29cc6_1.conda#58609be98a9725cd359a1c63ff329628
https://conda.anaconda.org/conda-forge/noarch/dnspython-2.8.0-pyhcf101f3_0.conda#d73fdc05f10693b518f52c994d748c19
https://conda.anaconda.org/bioconda/linux-64/entrez-direct-26.0-h1079eea_0.conda#eb37fd2fbf2bc8192c550999a3bbc5c3
https://conda.anaconda.org/conda-forge/linux-64/fonttools-4.66.1-py312hfd18d64_0.conda#3a646243ead357a2184be86b64be5203
https://conda.anaconda.org/conda-forge/noarch/h2-4.4.1-pyhcf101f3_0.conda#e652ac7756069c456d0da2a922cd7df5
https://conda.anaconda.org/bioconda/linux-64/htslib-1.24-ha79157c_0.conda#232775112c6fea38e9e7c25d2a58d7d2
https://conda.anaconda.org/conda-forge/linux-64/libcblas-3.11.0-11_h0358290_openblas.conda#73a248c30811075059b5aeda766c2624
https://conda.anaconda.org/conda-forge/linux-64/liblapack-3.11.0-11_h47877c9_openblas.conda#5622a13917855ce4b953b9e655cf9262
https://conda.anaconda.org/conda-forge/linux-64/libspex-3.2.3-had10066_7100102.conda#824804966d81d710bfb67dbab205e490
https://conda.anaconda.org/conda-forge/linux-64/mafft-7.526-h4bc722e_0.conda#cf3b2acf649bc31e576ed43a2fa4aaa3
https://conda.anaconda.org/bioconda/linux-64/metaeuk-7.bba0d80-pl5321hd6d6fdc_2.tar.bz2#92d44566468d6b5f4c854d5966069de4
https://conda.anaconda.org/conda-forge/linux-64/perl-class-method-modifiers-2.13-pl5321ha770c72_0.tar.bz2#7b7ec3dd22b056c2d5ea53f9033c26b8
https://conda.anaconda.org/conda-forge/noarch/perl-file-temp-0.2304-pl5321hd8ed1ab_0.tar.bz2#0a039c4fc36748942287ee10d0431515
https://conda.anaconda.org/bioconda/linux-64/perl-io-compress-2.216-pl5321h503566f_0.conda#0784cb3c120f934a5fe61961c8238330
https://conda.anaconda.org/bioconda/linux-64/perl-json-xs-4.04-pl5321h9948957_0.conda#7916b2e794393b3389535ba750f489da
https://conda.anaconda.org/conda-forge/linux-64/perl-pathtools-3.75-pl5321hb9d3cd8_2.conda#03d88c89dfac8a26adcdeff242f94007
https://conda.anaconda.org/conda-forge/linux-64/perl-sub-quote-2.006006-pl5321ha770c72_0.tar.bz2#3d58e92f33b2382c10ac7eccd883a42f
https://conda.anaconda.org/conda-forge/linux-64/pillow-12.3.0-py312h38079b3_4.conda#87d8e4053a968e8b20937e6cdd945a18
https://conda.anaconda.org/conda-forge/noarch/python-dateutil-2.9.0.post0-pyhe01879c_2.conda#5b8d21249ff20967101ffa321cab24e8
https://conda.anaconda.org/conda-forge/noarch/python-gil-3.12.14-hd8ed1ab_3.conda#7fafcd204183cfa7c1ae4ad9c2d8d414
https://conda.anaconda.org/conda-forge/noarch/wheel-0.48.0-pyhd8ed1ab_0.conda#9a2124517bfd5d792e0f7b86eefdfeb8
https://conda.anaconda.org/conda-forge/noarch/_python_abi3_support-1.0-hd8ed1ab_3.conda#3845f3d75991bae0fb90884662f4327c
https://conda.anaconda.org/conda-forge/linux-64/gsl-2.8-h3cd6761_2.conda#5071d6d2577a3d5989b1767fbd0a4d56
https://conda.anaconda.org/conda-forge/linux-64/libcholmod-5.3.1-h59ddab4_7100102.conda#4db212162ab589b22a44bacc8f0db47c
https://conda.anaconda.org/conda-forge/linux-64/numpy-2.3.5-py312h33ff503_1.conda#03baecffb72fa96fe234fd505908065f
https://conda.anaconda.org/bioconda/noarch/perl-archive-tar-3.12-pl5321hdfd78af_0.conda#4ee2727440bf9b0b055c1f17a72701f6
https://conda.anaconda.org/bioconda/noarch/perl-json-4.11-pl5321hdfd78af_0.conda#56411755d21870a9ec16c76fd7b66dba
https://conda.anaconda.org/conda-forge/linux-64/perl-moo-2.005004-pl5321ha770c72_0.tar.bz2#3499fef1ed2c74f253b1f032f22deb51
https://conda.anaconda.org/conda-forge/noarch/pip-26.2.1-pyh8b19718_0.conda#77b6cf3b0689d9fc68561df0db9b856d
https://conda.anaconda.org/conda-forge/linux-64/pymongo-4.18.2-py312h1064dfc_0.conda#5229896be998083ff369dacc35d3cf3b
https://conda.anaconda.org/bioconda/linux-64/samtools-1.24-h9dcdb79_1.conda#9cbf5a1cbce4f7d997a4e3e2a27343f1
https://conda.anaconda.org/conda-forge/noarch/urllib3-2.8.0-pyhd8ed1ab_0.conda#407a3d3778570bae8e8fcf554e803e43
https://conda.anaconda.org/bioconda/linux-64/bbmap-40.02-h09cc210_0.conda#41dd161c95e7998168525583232ac5b0
https://conda.anaconda.org/conda-forge/linux-64/biopython-1.88-py312h5cc1888_1.conda#c37ac31f8250f43dd0455d7bb8334f87
https://conda.anaconda.org/bioconda/linux-64/blast-2.17.0-hb02a186_1.conda#8e5e0c669b39ab1c7c46aea1fda0a495
https://conda.anaconda.org/conda-forge/linux-64/charset-normalizer-3.5.2-h1114479_0.conda#78d5c6112c9320a1a797935cecfec7c2
https://conda.anaconda.org/conda-forge/linux-64/contourpy-1.4.0-py312h9be0db6_1.conda#64e62dfa49dd4688301b02d8cfea3687
https://conda.anaconda.org/conda-forge/linux-64/libklu-2.3.5-hf24d653_7100102.conda#e1b72631b0ce2c6ac10213455829d0b0
https://conda.anaconda.org/conda-forge/linux-64/libspqr-4.3.4-h852d39f_7100102.conda#998f1ce5ba9a7bb430e8422342bce782
https://conda.anaconda.org/conda-forge/linux-64/libumfpack-6.3.5-heb53515_7100102.conda#2fad43d05ca015652b5add6c22be6427
https://conda.anaconda.org/conda-forge/linux-64/pandas-3.0.6-np2py312h91ec553_0.conda#2143c2cef115b49a934d526f7da91696
https://conda.anaconda.org/bioconda/linux-64/pasta-1.9.3-py312h85383db_1.conda#a2760ddddfd4417f90003bb57a54e3b1
https://conda.anaconda.org/bioconda/noarch/perl-parallel-forkmanager-2.04-pl5321hdfd78af_0.conda#c0d5b1238870d70b3af64854901d7f62
https://conda.anaconda.org/conda-forge/linux-64/libparu-1.0.0-h17147ab_7100102.conda#d46f49ad4606c1d2780d5488f1f5ba3f
https://conda.anaconda.org/conda-forge/linux-64/matplotlib-base-3.10.9-py312he3d6523_0.conda#7d499b5b6d150f133800dc3a582771c7
https://conda.anaconda.org/conda-forge/noarch/requests-2.34.2-pyhcf101f3_0.conda#4a85203c1d80c1059086ae860836ffb9
https://conda.anaconda.org/bioconda/linux-64/sepp-4.5.5-py312h0fa9677_3.tar.bz2#fa93b481d4e0b4632e24d57434d3e41f
https://conda.anaconda.org/conda-forge/linux-64/suitesparse-7.10.1-ha0f6916_7100102.conda#713a9d126a58c5f5b7dcf60f1410e966
https://conda.anaconda.org/bioconda/linux-64/augustus-3.5.0-pl5321h5653ebf_10.conda#8259e19b21c88f026885df48cff25306
https://conda.anaconda.org/bioconda/noarch/busco-6.1.0-pyhdfd78af_2.conda#80d4f3c81c0d653ea69d65256f1fc33e
